// !$*UTF8*$!
{
	archiveVersion = 1;
	classes = {
	};
	objectVersion = 56;
	objects = {

/* Begin PBXBuildFile section */
		376A671E29142A35005B55E4 /* ScrollAndTabViewApp.swift in Sources */ = {isa = PBXBuildFile; fileRef = 376A671D29142A35005B55E4 /* ScrollAndTabViewApp.swift */; };
		376A672029142A35005B55E4 /* ContentView.swift in Sources */ = {isa = PBXBuildFile; fileRef = 376A671F29142A35005B55E4 /* ContentView.swift */; };
		376A672229142A36005B55E4 /* Assets.xcassets in Resources */ = {isa = PBXBuildFile; fileRef = 376A672129142A36005B55E4 /* Assets.xcassets */; };
		376A672529142A36005B55E4 /* Preview Assets.xcassets in Resources */ = {isa = PBXBuildFile; fileRef = 376A672429142A36005B55E4 /* Preview Assets.xcassets */; };
		376A672E29142B3C005B55E4 /* MediaFile.swift in Sources */ = {isa = PBXBuildFile; fileRef = 376A672D29142B3C005B55E4 /* MediaFile.swift */; };
		376A673529142BB1005B55E4 /* Reel4.mp4 in Resources */ = {isa = PBXBuildFile; fileRef = 376A672F29142BB1005B55E4 /* Reel4.mp4 */; };
		376A673629142BB1005B55E4 /* Reel3.mp4 in Resources */ = {isa = PBXBuildFile; fileRef = 376A673029142BB1005B55E4 /* Reel3.mp4 */; };
		376A673729142BB1005B55E4 /* Reel2.mp4 in Resources */ = {isa = PBXBuildFile; fileRef = 376A673129142BB1005B55E4 /* Reel2.mp4 */; };
		376A673829142BB1005B55E4 /* Reel5.mp4 in Resources */ = {isa = PBXBuildFile; fileRef = 376A673229142BB1005B55E4 /* Reel5.mp4 */; };
		376A673929142BB1005B55E4 /* Reel1.mp4 in Resources */ = {isa = PBXBuildFile; fileRef = 376A673329142BB1005B55E4 /* Reel1.mp4 */; };
		376A673A29142BB1005B55E4 /* Reel6.mp4 in Resources */ = {isa = PBXBuildFile; fileRef = 376A673429142BB1005B55E4 /* Reel6.mp4 */; };
		376A673C29143245005B55E4 /* StepsViewHorizontal.swift in Sources */ = {isa = PBXBuildFile; fileRef = 376A673B29143245005B55E4 /* StepsViewHorizontal.swift */; };
		376A673E291432A8005B55E4 /* Journey.swift in Sources */ = {isa = PBXBuildFile; fileRef = 376A673D291432A8005B55E4 /* Journey.swift */; };
		376A674029143400005B55E4 /* HomeFeedView.swift in Sources */ = {isa = PBXBuildFile; fileRef = 376A673F29143400005B55E4 /* HomeFeedView.swift */; };
		37BD3499291ADBD100FAD7DF /* HorizontalScrollView.swift in Sources */ = {isa = PBXBuildFile; fileRef = 37BD3498291ADBD100FAD7DF /* HorizontalScrollView.swift */; };
		37E44AD22914428500263047 /* Step.swift in Sources */ = {isa = PBXBuildFile; fileRef = 37E44AD12914428500263047 /* Step.swift */; };
		37E44AD5291446B400263047 /* CustomVideoPlayer.swift in Sources */ = {isa = PBXBuildFile; fileRef = 37E44AD4291446B400263047 /* CustomVideoPlayer.swift */; };
		37E44AD7291448DB00263047 /* ReelsView.swift in Sources */ = {isa = PBXBuildFile; fileRef = 37E44AD6291448DB00263047 /* ReelsView.swift */; };
/* End PBXBuildFile section */

/* Begin PBXFileReference section */
		376A671A29142A35005B55E4 /* ScrollAndTabView.app */ = {isa = PBXFileReference; explicitFileType = wrapper.application; includeInIndex = 0; path = ScrollAndTabView.app; sourceTree = BUILT_PRODUCTS_DIR; };
		376A671D29142A35005B55E4 /* ScrollAndTabViewApp.swift */ = {isa = PBXFileReference; lastKnownFileType = sourcecode.swift; path = ScrollAndTabViewApp.swift; sourceTree = "<group>"; };
		376A671F29142A35005B55E4 /* ContentView.swift */ = {isa = PBXFileReference; lastKnownFileType = sourcecode.swift; path = ContentView.swift; sourceTree = "<group>"; };
		376A672129142A36005B55E4 /* Assets.xcassets */ = {isa = PBXFileReference; lastKnownFileType = folder.assetcatalog; path = Assets.xcassets; sourceTree = "<group>"; };
		376A672429142A36005B55E4 /* Preview Assets.xcassets */ = {isa = PBXFileReference; lastKnownFileType = folder.assetcatalog; path = "Preview Assets.xcassets"; sourceTree = "<group>"; };
		376A672D29142B3C005B55E4 /* MediaFile.swift */ = {isa = PBXFileReference; lastKnownFileType = sourcecode.swift; path = MediaFile.swift; sourceTree = "<group>"; };
		376A672F29142BB1005B55E4 /* Reel4.mp4 */ = {isa = PBXFileReference; lastKnownFileType = file; path = Reel4.mp4; sourceTree = "<group>"; };
		376A673029142BB1005B55E4 /* Reel3.mp4 */ = {isa = PBXFileReference; lastKnownFileType = file; path = Reel3.mp4; sourceTree = "<group>"; };
		376A673129142BB1005B55E4 /* Reel2.mp4 */ = {isa = PBXFileReference; lastKnownFileType = file; path = Reel2.mp4; sourceTree = "<group>"; };
		376A673229142BB1005B55E4 /* Reel5.mp4 */ = {isa = PBXFileReference; lastKnownFileType = file; path = Reel5.mp4; sourceTree = "<group>"; };
		376A673329142BB1005B55E4 /* Reel1.mp4 */ = {isa = PBXFileReference; lastKnownFileType = file; path = Reel1.mp4; sourceTree = "<group>"; };
		376A673429142BB1005B55E4 /* Reel6.mp4 */ = {isa = PBXFileReference; lastKnownFileType = file; path = Reel6.mp4; sourceTree = "<group>"; };
		376A673B29143245005B55E4 /* StepsViewHorizontal.swift */ = {isa = PBXFileReference; lastKnownFileType = sourcecode.swift; path = StepsViewHorizontal.swift; sourceTree = "<group>"; };
		376A673D291432A8005B55E4 /* Journey.swift */ = {isa = PBXFileReference; lastKnownFileType = sourcecode.swift; path = Journey.swift; sourceTree = "<group>"; };
		376A673F29143400005B55E4 /* HomeFeedView.swift */ = {isa = PBXFileReference; lastKnownFileType = sourcecode.swift; path = HomeFeedView.swift; sourceTree = "<group>"; };
		37BD3498291ADBD100FAD7DF /* HorizontalScrollView.swift */ = {isa = PBXFileReference; lastKnownFileType = sourcecode.swift; path = HorizontalScrollView.swift; sourceTree = "<group>"; };
		37E44AD12914428500263047 /* Step.swift */ = {isa = PBXFileReference; lastKnownFileType = sourcecode.swift; path = Step.swift; sourceTree = "<group>"; };
		37E44AD4291446B400263047 /* CustomVideoPlayer.swift */ = {isa = PBXFileReference; lastKnownFileType = sourcecode.swift; path = CustomVideoPlayer.swift; sourceTree = "<group>"; };
		37E44AD6291448DB00263047 /* ReelsView.swift */ = {isa = PBXFileReference; lastKnownFileType = sourcecode.swift; path = ReelsView.swift; sourceTree = "<group>"; };
/* End PBXFileReference section */

/* Begin PBXFrameworksBuildPhase section */
		376A671729142A35005B55E4 /* Frameworks */ = {
			isa = PBXFrameworksBuildPhase;
			buildActionMask = 2147483647;
			files = (
			);
			runOnlyForDeploymentPostprocessing = 0;
		};
/* End PBXFrameworksBuildPhase section */

/* Begin PBXGroup section */
		376A671129142A35005B55E4 = {
			isa = PBXGroup;
			children = (
				376A673329142BB1005B55E4 /* Reel1.mp4 */,
				376A673129142BB1005B55E4 /* Reel2.mp4 */,
				376A673029142BB1005B55E4 /* Reel3.mp4 */,
				376A672F29142BB1005B55E4 /* Reel4.mp4 */,
				376A673229142BB1005B55E4 /* Reel5.mp4 */,
				376A673429142BB1005B55E4 /* Reel6.mp4 */,
				376A671C29142A35005B55E4 /* ScrollAndTabView */,
				376A671B29142A35005B55E4 /* Products */,
			);
			sourceTree = "<group>";
		};
		376A671B29142A35005B55E4 /* Products */ = {
			isa = PBXGroup;
			children = (
				376A671A29142A35005B55E4 /* ScrollAndTabView.app */,
			);
			name = Products;
			sourceTree = "<group>";
		};
		376A671C29142A35005B55E4 /* ScrollAndTabView */ = {
			isa = PBXGroup;
			children = (
				376A672B29142AF8005B55E4 /* Model */,
				376A672C29142B00005B55E4 /* View */,
				376A671D29142A35005B55E4 /* ScrollAndTabViewApp.swift */,
				376A671F29142A35005B55E4 /* ContentView.swift */,
				376A672129142A36005B55E4 /* Assets.xcassets */,
				376A672329142A36005B55E4 /* Preview Content */,
			);
			path = ScrollAndTabView;
			sourceTree = "<group>";
		};
		376A672329142A36005B55E4 /* Preview Content */ = {
			isa = PBXGroup;
			children = (
				376A672429142A36005B55E4 /* Preview Assets.xcassets */,
			);
			path = "Preview Content";
			sourceTree = "<group>";
		};
		376A672B29142AF8005B55E4 /* Model */ = {
			isa = PBXGroup;
			children = (
				376A672D29142B3C005B55E4 /* MediaFile.swift */,
				376A673D291432A8005B55E4 /* Journey.swift */,
				37E44AD12914428500263047 /* Step.swift */,
			);
			path = Model;
			sourceTree = "<group>";
		};
		376A672C29142B00005B55E4 /* View */ = {
			isa = PBXGroup;
			children = (
				376A673B29143245005B55E4 /* StepsViewHorizontal.swift */,
				376A673F29143400005B55E4 /* HomeFeedView.swift */,
				37E44AD4291446B400263047 /* CustomVideoPlayer.swift */,
				37E44AD6291448DB00263047 /* ReelsView.swift */,
				37BD3498291ADBD100FAD7DF /* HorizontalScrollView.swift */,
			);
			path = View;
			sourceTree = "<group>";
		};
/* End PBXGroup section */

/* Begin PBXNativeTarget section */
		376A671929142A35005B55E4 /* ScrollAndTabView */ = {
			isa = PBXNativeTarget;
			buildConfigurationList = 376A672829142A36005B55E4 /* Build configuration list for PBXNativeTarget "ScrollAndTabView" */;
			buildPhases = (
				376A671629142A35005B55E4 /* Sources */,
				376A671729142A35005B55E4 /* Frameworks */,
				376A671829142A35005B55E4 /* Resources */,
			);
			buildRules = (
			);
			dependencies = (
			);
			name = ScrollAndTabView;
			productName = ScrollAndTabView;
			productReference = 376A671A29142A35005B55E4 /* ScrollAndTabView.app */;
			productType = "com.apple.product-type.application";
		};
/* End PBXNativeTarget section */

/* Begin PBXProject section */
		376A671229142A35005B55E4 /* Project object */ = {
			isa = PBXProject;
			attributes = {
				BuildIndependentTargetsInParallel = 1;
				LastSwiftUpdateCheck = 1400;
				LastUpgradeCheck = 1400;
				TargetAttributes = {
					376A671929142A35005B55E4 = {
						CreatedOnToolsVersion = 14.0.1;
					};
				};
			};
			buildConfigurationList = 376A671529142A35005B55E4 /* Build configuration list for PBXProject "ScrollAndTabView" */;
			compatibilityVersion = "Xcode 14.0";
			developmentRegion = en;
			hasScannedForEncodings = 0;
			knownRegions = (
				en,
				Base,
			);
			mainGroup = 376A671129142A35005B55E4;
			productRefGroup = 376A671B29142A35005B55E4 /* Products */;
			projectDirPath = "";
			projectRoot = "";
			targets = (
				376A671929142A35005B55E4 /* ScrollAndTabView */,
			);
		};
/* End PBXProject section */

/* Begin PBXResourcesBuildPhase section */
		376A671829142A35005B55E4 /* Resources */ = {
			isa = PBXResourcesBuildPhase;
			buildActionMask = 2147483647;
			files = (
				376A673529142BB1005B55E4 /* Reel4.mp4 in Resources */,
				376A673629142BB1005B55E4 /* Reel3.mp4 in Resources */,
				376A673729142BB1005B55E4 /* Reel2.mp4 in Resources */,
				376A673829142BB1005B55E4 /* Reel5.mp4 in Resources */,
				376A673929142BB1005B55E4 /* Reel1.mp4 in Resources */,
				376A673A29142BB1005B55E4 /* Reel6.mp4 in Resources */,
				376A672529142A36005B55E4 /* Preview Assets.xcassets in Resources */,
				376A672229142A36005B55E4 /* Assets.xcassets in Resources */,
			);
			runOnlyForDeploymentPostprocessing = 0;
		};
/* End PBXResourcesBuildPhase section */

/* Begin PBXSourcesBuildPhase section */
		376A671629142A35005B55E4 /* Sources */ = {
			isa = PBXSourcesBuildPhase;
			buildActionMask = 2147483647;
			files = (
				37E44AD22914428500263047 /* Step.swift in Sources */,
				376A672029142A35005B55E4 /* ContentView.swift in Sources */,
				376A671E29142A35005B55E4 /* ScrollAndTabViewApp.swift in Sources */,
				376A673C29143245005B55E4 /* StepsViewHorizontal.swift in Sources */,
				376A672E29142B3C005B55E4 /* MediaFile.swift in Sources */,
				37BD3499291ADBD100FAD7DF /* HorizontalScrollView.swift in Sources */,
				376A673E291432A8005B55E4 /* Journey.swift in Sources */,
				376A674029143400005B55E4 /* HomeFeedView.swift in Sources */,
				37E44AD7291448DB00263047 /* ReelsView.swift in Sources */,
				37E44AD5291446B400263047 /* CustomVideoPlayer.swift in Sources */,
			);
			runOnlyForDeploymentPostprocessing = 0;
		};
/* End PBXSourcesBuildPhase section */

/* Begin XCBuildConfiguration section */
		376A672629142A36005B55E4 /* Debug */ = {
			isa = XCBuildConfiguration;
			buildSettings = {
				ALWAYS_SEARCH_USER_PATHS = NO;
				CLANG_ANALYZER_NONNULL = YES;
				CLANG_ANALYZER_NUMBER_OBJECT_CONVERSION = YES_AGGRESSIVE;
				CLANG_CXX_LANGUAGE_STANDARD = "gnu++20";
				CLANG_ENABLE_MODULES = YES;
				CLANG_ENABLE_OBJC_ARC = YES;
				CLANG_ENABLE_OBJC_WEAK = YES;
				CLANG_WARN_BLOCK_CAPTURE_AUTORELEASING = YES;
				CLANG_WARN_BOOL_CONVERSION = YES;
				CLANG_WARN_COMMA = YES;
				CLANG_WARN_CONSTANT_CONVERSION = YES;
				CLANG_WARN_DEPRECATED_OBJC_IMPLEMENTATIONS = YES;
				CLANG_WARN_DIRECT_OBJC_ISA_USAGE = YES_ERROR;
				CLANG_WARN_DOCUMENTATION_COMMENTS = YES;
				CLANG_WARN_EMPTY_BODY = YES;
				CLANG_WARN_ENUM_CONVERSION = YES;
				CLANG_WARN_INFINITE_RECURSION = YES;
				CLANG_WARN_INT_CONVERSION = YES;
				CLANG_WARN_NON_LITERAL_NULL_CONVERSION = YES;
				CLANG_WARN_OBJC_IMPLICIT_RETAIN_SELF = YES;
				CLANG_WARN_OBJC_LITERAL_CONVERSION = YES;
				CLANG_WARN_OBJC_ROOT_CLASS = YES_ERROR;
				CLANG_WARN_QUOTED_INCLUDE_IN_FRAMEWORK_HEADER = YES;
				CLANG_WARN_RANGE_LOOP_ANALYSIS = YES;
				CLANG_WARN_STRICT_PROTOTYPES = YES;
				CLANG_WARN_SUSPICIOUS_MOVE = YES;
				CLANG_WARN_UNGUARDED_AVAILABILITY = YES_AGGRESSIVE;
				CLANG_WARN_UNREACHABLE_CODE = YES;
				CLANG_WARN__DUPLICATE_METHOD_MATCH = YES;
				COPY_PHASE_STRIP = NO;
				DEBUG_INFORMATION_FORMAT = dwarf;
				ENABLE_STRICT_OBJC_MSGSEND = YES;
				ENABLE_TESTABILITY = YES;
				GCC_C_LANGUAGE_STANDARD = gnu11;
				GCC_DYNAMIC_NO_PIC = NO;
				GCC_NO_COMMON_BLOCKS = YES;
				GCC_OPTIMIZATION_LEVEL = 0;
				GCC_PREPROCESSOR_DEFINITIONS = (
					"DEBUG=1",
					"$(inherited)",
				);
				GCC_WARN_64_TO_32_BIT_CONVERSION = YES;
				GCC_WARN_ABOUT_RETURN_TYPE = YES_ERROR;
				GCC_WARN_UNDECLARED_SELECTOR = YES;
				GCC_WARN_UNINITIALIZED_AUTOS = YES_AGGRESSIVE;
				GCC_WARN_UNUSED_FUNCTION = YES;
				GCC_WARN_UNUSED_VARIABLE = YES;
				IPHONEOS_DEPLOYMENT_TARGET = 16.0;
				MTL_ENABLE_DEBUG_INFO = INCLUDE_SOURCE;
				MTL_FAST_MATH = YES;
				ONLY_ACTIVE_ARCH = YES;
				SDKROOT = iphoneos;
				SWIFT_ACTIVE_COMPILATION_CONDITIONS = DEBUG;
				SWIFT_OPTIMIZATION_LEVEL = "-Onone";
			};
			name = Debug;
		};
		376A672729142A36005B55E4 /* Release */ = {
			isa = XCBuildConfiguration;
			buildSettings = {
				ALWAYS_SEARCH_USER_PATHS = NO;
				CLANG_ANALYZER_NONNULL = YES;
				CLANG_ANALYZER_NUMBER_OBJECT_CONVERSION = YES_AGGRESSIVE;
				CLANG_CXX_LANGUAGE_STANDARD = "gnu++20";
				CLANG_ENABLE_MODULES = YES;
				CLANG_ENABLE_OBJC_ARC = YES;
				CLANG_ENABLE_OBJC_WEAK = YES;
				CLANG_WARN_BLOCK_CAPTURE_AUTORELEASING = YES;
				CLANG_WARN_BOOL_CONVERSION = YES;
				CLANG_WARN_COMMA = YES;
				CLANG_WARN_CONSTANT_CONVERSION = YES;
				CLANG_WARN_DEPRECATED_OBJC_IMPLEMENTATIONS = YES;
				CLANG_WARN_DIRECT_OBJC_ISA_USAGE = YES_ERROR;
				CLANG_WARN_DOCUMENTATION_COMMENTS = YES;
				CLANG_WARN_EMPTY_BODY = YES;
				CLANG_WARN_ENUM_CONVERSION = YES;
				CLANG_WARN_INFINITE_RECURSION = YES;
				CLANG_WARN_INT_CONVERSION = YES;
				CLANG_WARN_NON_LITERAL_NULL_CONVERSION = YES;
				CLANG_WARN_OBJC_IMPLICIT_RETAIN_SELF = YES;
				CLANG_WARN_OBJC_LITERAL_CONVERSION = YES;
				CLANG_WARN_OBJC_ROOT_CLASS = YES_ERROR;
				CLANG_WARN_QUOTED_INCLUDE_IN_FRAMEWORK_HEADER = YES;
				CLANG_WARN_RANGE_LOOP_ANALYSIS = YES;
				CLANG_WARN_STRICT_PROTOTYPES = YES;
				CLANG_WARN_SUSPICIOUS_MOVE = YES;
				CLANG_WARN_UNGUARDED_AVAILABILITY = YES_AGGRESSIVE;
				CLANG_WARN_UNREACHABLE_CODE = YES;
				CLANG_WARN__DUPLICATE_METHOD_MATCH = YES;
				COPY_PHASE_STRIP = NO;
				DEBUG_INFORMATION_FORMAT = "dwarf-with-dsym";
				ENABLE_NS_ASSERTIONS = NO;
				ENABLE_STRICT_OBJC_MSGSEND = YES;
				GCC_C_LANGUAGE_STANDARD = gnu11;
				GCC_NO_COMMON_BLOCKS = YES;
				GCC_WARN_64_TO_32_BIT_CONVERSION = YES;
				GCC_WARN_ABOUT_RETURN_TYPE = YES_ERROR;
				GCC_WARN_UNDECLARED_SELECTOR = YES;
				GCC_WARN_UNINITIALIZED_AUTOS = YES_AGGRESSIVE;
				GCC_WARN_UNUSED_FUNCTION = YES;
				GCC_WARN_UNUSED_VARIABLE = YES;
				IPHONEOS_DEPLOYMENT_TARGET = 16.0;
				MTL_ENABLE_DEBUG_INFO = NO;
				MTL_FAST_MATH = YES;
				SDKROOT = iphoneos;
				SWIFT_COMPILATION_MODE = wholemodule;
				SWIFT_OPTIMIZATION_LEVEL = "-O";
				VALIDATE_PRODUCT = YES;
			};
			name = Release;
		};
		376A672929142A36005B55E4 /* Debug */ = {
			isa = XCBuildConfiguration;
			buildSettings = {
				ASSETCATALOG_COMPILER_APPICON_NAME = AppIcon;
				ASSETCATALOG_COMPILER_GLOBAL_ACCENT_COLOR_NAME = AccentColor;
				CODE_SIGN_STYLE = Automatic;
				CURRENT_PROJECT_VERSION = 1;
				DEVELOPMENT_ASSET_PATHS = "\"ScrollAndTabView/Preview Content\"";
				DEVELOPMENT_TEAM = V8BB56WTCT;
				ENABLE_PREVIEWS = YES;
				GENERATE_INFOPLIST_FILE = YES;
				INFOPLIST_KEY_UIApplicationSceneManifest_Generation = YES;
				INFOPLIST_KEY_UIApplicationSupportsIndirectInputEvents = YES;
				INFOPLIST_KEY_UILaunchScreen_Generation = YES;
				INFOPLIST_KEY_UISupportedInterfaceOrientations_iPad = "UIInterfaceOrientationPortrait UIInterfaceOrientationPortraitUpsideDown UIInterfaceOrientationLandscapeLeft UIInterfaceOrientationLandscapeRight";
				INFOPLIST_KEY_UISupportedInterfaceOrientations_iPhone = "UIInterfaceOrientationPortrait UIInterfaceOrientationLandscapeLeft UIInterfaceOrientationLandscapeRight";
				IPHONEOS_DEPLOYMENT_TARGET = 14.0;
				LD_RUNPATH_SEARCH_PATHS = (
					"$(inherited)",
					"@executable_path/Frameworks",
				);
				MARKETING_VERSION = 1.0;
				PRODUCT_BUNDLE_IDENTIFIER = me.Dao.Tien.ScrollAndTabView;
				PRODUCT_NAME = "$(TARGET_NAME)";
				SWIFT_EMIT_LOC_STRINGS = YES;
				SWIFT_VERSION = 5.0;
				TARGETED_DEVICE_FAMILY = "1,2";
			};
			name = Debug;
		};
		376A672A29142A36005B55E4 /* Release */ = {
			isa = XCBuildConfiguration;
			buildSettings = {
				ASSETCATALOG_COMPILER_APPICON_NAME = AppIcon;
				ASSETCATALOG_COMPILER_GLOBAL_ACCENT_COLOR_NAME = AccentColor;
				CODE_SIGN_STYLE = Automatic;
				CURRENT_PROJECT_VERSION = 1;
				DEVELOPMENT_ASSET_PATHS = "\"ScrollAndTabView/Preview Content\"";
				DEVELOPMENT_TEAM = V8BB56WTCT;
				ENABLE_PREVIEWS = YES;
				GENERATE_INFOPLIST_FILE = YES;
				INFOPLIST_KEY_UIApplicationSceneManifest_Generation = YES;
				INFOPLIST_KEY_UIApplicationSupportsIndirectInputEvents = YES;
				INFOPLIST_KEY_UILaunchScreen_Generation = YES;
				INFOPLIST_KEY_UISupportedInterfaceOrientations_iPad = "UIInterfaceOrientationPortrait UIInterfaceOrientationPortraitUpsideDown UIInterfaceOrientationLandscapeLeft UIInterfaceOrientationLandscapeRight";
				INFOPLIST_KEY_UISupportedInterfaceOrientations_iPhone = "UIInterfaceOrientationPortrait UIInterfaceOrientationLandscapeLeft UIInterfaceOrientationLandscapeRight";
				IPHONEOS_DEPLOYMENT_TARGET = 14.0;
				LD_RUNPATH_SEARCH_PATHS = (
					"$(inherited)",
					"@executable_path/Frameworks",
				);
				MARKETING_VERSION = 1.0;
				PRODUCT_BUNDLE_IDENTIFIER = me.Dao.Tien.ScrollAndTabView;
				PRODUCT_NAME = "$(TARGET_NAME)";
				SWIFT_EMIT_LOC_STRINGS = YES;
				SWIFT_VERSION = 5.0;
				TARGETED_DEVICE_FAMILY = "1,2";
			};
			name = Release;
		};
/* End XCBuildConfiguration section */

/* Begin XCConfigurationList section */
		376A671529142A35005B55E4 /* Build configuration list for PBXProject "ScrollAndTabView" */ = {
			isa = XCConfigurationList;
			buildConfigurations = (
				376A672629142A36005B55E4 /* Debug */,
				376A672729142A36005B55E4 /* Release */,
			);
			defaultConfigurationIsVisible = 0;
			defaultConfigurationName = Release;
		};
		376A672829142A36005B55E4 /* Build configuration list for PBXNativeTarget "ScrollAndTabView" */ = {
			isa = XCConfigurationList;
			buildConfigurations = (
				376A672929142A36005B55E4 /* Debug */,
				376A672A29142A36005B55E4 /* Release */,
			);
			defaultConfigurationIsVisible = 0;
			defaultConfigurationName = Release;
		};
/* End XCConfigurationList section */
	};
	rootObject = 376A671229142A35005B55E4 /* Project object */;
}
