// !$*UTF8*$!
{
	archiveVersion = 1;
	classes = {
	};
	objectVersion = 56;
	objects = {

/* Begin PBXBuildFile section */
		3726E2642912E0CC00E9F674 /* TabViewCarouselApp.swift in Sources */ = {isa = PBXBuildFile; fileRef = 3726E2632912E0CC00E9F674 /* TabViewCarouselApp.swift */; };
		3726E2662912E0CC00E9F674 /* ContentView.swift in Sources */ = {isa = PBXBuildFile; fileRef = 3726E2652912E0CC00E9F674 /* ContentView.swift */; };
		3726E2682912E0CD00E9F674 /* Assets.xcassets in Resources */ = {isa = PBXBuildFile; fileRef = 3726E2672912E0CD00E9F674 /* Assets.xcassets */; };
		3726E26B2912E0CD00E9F674 /* Preview Assets.xcassets in Resources */ = {isa = PBXBuildFile; fileRef = 3726E26A2912E0CD00E9F674 /* Preview Assets.xcassets */; };
		3726E2772912E27300E9F674 /* Reel3.mp4 in Resources */ = {isa = PBXBuildFile; fileRef = 3726E2712912E27300E9F674 /* Reel3.mp4 */; };
		3726E2782912E27300E9F674 /* Reel6.mp4 in Resources */ = {isa = PBXBuildFile; fileRef = 3726E2722912E27300E9F674 /* Reel6.mp4 */; };
		3726E2792912E27300E9F674 /* Reel2.mp4 in Resources */ = {isa = PBXBuildFile; fileRef = 3726E2732912E27300E9F674 /* Reel2.mp4 */; };
		3726E27A2912E27300E9F674 /* Reel4.mp4 in Resources */ = {isa = PBXBuildFile; fileRef = 3726E2742912E27300E9F674 /* Reel4.mp4 */; };
		3726E27B2912E27300E9F674 /* Reel5.mp4 in Resources */ = {isa = PBXBuildFile; fileRef = 3726E2752912E27300E9F674 /* Reel5.mp4 */; };
		3726E27C2912E27300E9F674 /* Reel1.mp4 in Resources */ = {isa = PBXBuildFile; fileRef = 3726E2762912E27300E9F674 /* Reel1.mp4 */; };
		3726E2812912E2D500E9F674 /* MediaFile.swift in Sources */ = {isa = PBXBuildFile; fileRef = 3726E2802912E2D500E9F674 /* MediaFile.swift */; };
		3726E2832912E33900E9F674 /* Reel.swift in Sources */ = {isa = PBXBuildFile; fileRef = 3726E2822912E33900E9F674 /* Reel.swift */; };
		3726E2852912E3B400E9F674 /* ReelsView.swift in Sources */ = {isa = PBXBuildFile; fileRef = 3726E2842912E3B400E9F674 /* ReelsView.swift */; };
		3726E2872912E56500E9F674 /* CustomVideoPlayer.swift in Sources */ = {isa = PBXBuildFile; fileRef = 3726E2862912E56500E9F674 /* CustomVideoPlayer.swift */; };
/* End PBXBuildFile section */

/* Begin PBXFileReference section */
		3726E2602912E0CC00E9F674 /* TabViewCarousel.app */ = {isa = PBXFileReference; explicitFileType = wrapper.application; includeInIndex = 0; path = TabViewCarousel.app; sourceTree = BUILT_PRODUCTS_DIR; };
		3726E2632912E0CC00E9F674 /* TabViewCarouselApp.swift */ = {isa = PBXFileReference; lastKnownFileType = sourcecode.swift; path = TabViewCarouselApp.swift; sourceTree = "<group>"; };
		3726E2652912E0CC00E9F674 /* ContentView.swift */ = {isa = PBXFileReference; lastKnownFileType = sourcecode.swift; path = ContentView.swift; sourceTree = "<group>"; };
		3726E2672912E0CD00E9F674 /* Assets.xcassets */ = {isa = PBXFileReference; lastKnownFileType = folder.assetcatalog; path = Assets.xcassets; sourceTree = "<group>"; };
		3726E26A2912E0CD00E9F674 /* Preview Assets.xcassets */ = {isa = PBXFileReference; lastKnownFileType = folder.assetcatalog; path = "Preview Assets.xcassets"; sourceTree = "<group>"; };
		3726E2712912E27300E9F674 /* Reel3.mp4 */ = {isa = PBXFileReference; lastKnownFileType = file; path = Reel3.mp4; sourceTree = "<group>"; };
		3726E2722912E27300E9F674 /* Reel6.mp4 */ = {isa = PBXFileReference; lastKnownFileType = file; path = Reel6.mp4; sourceTree = "<group>"; };
		3726E2732912E27300E9F674 /* Reel2.mp4 */ = {isa = PBXFileReference; lastKnownFileType = file; path = Reel2.mp4; sourceTree = "<group>"; };
		3726E2742912E27300E9F674 /* Reel4.mp4 */ = {isa = PBXFileReference; lastKnownFileType = file; path = Reel4.mp4; sourceTree = "<group>"; };
		3726E2752912E27300E9F674 /* Reel5.mp4 */ = {isa = PBXFileReference; lastKnownFileType = file; path = Reel5.mp4; sourceTree = "<group>"; };
		3726E2762912E27300E9F674 /* Reel1.mp4 */ = {isa = PBXFileReference; lastKnownFileType = file; path = Reel1.mp4; sourceTree = "<group>"; };
		3726E2802912E2D500E9F674 /* MediaFile.swift */ = {isa = PBXFileReference; lastKnownFileType = sourcecode.swift; path = MediaFile.swift; sourceTree = "<group>"; };
		3726E2822912E33900E9F674 /* Reel.swift */ = {isa = PBXFileReference; lastKnownFileType = sourcecode.swift; path = Reel.swift; sourceTree = "<group>"; };
		3726E2842912E3B400E9F674 /* ReelsView.swift */ = {isa = PBXFileReference; lastKnownFileType = sourcecode.swift; path = ReelsView.swift; sourceTree = "<group>"; };
		3726E2862912E56500E9F674 /* CustomVideoPlayer.swift */ = {isa = PBXFileReference; lastKnownFileType = sourcecode.swift; path = CustomVideoPlayer.swift; sourceTree = "<group>"; };
/* End PBXFileReference section */

/* Begin PBXFrameworksBuildPhase section */
		3726E25D2912E0CC00E9F674 /* Frameworks */ = {
			isa = PBXFrameworksBuildPhase;
			buildActionMask = 2147483647;
			files = (
			);
			runOnlyForDeploymentPostprocessing = 0;
		};
/* End PBXFrameworksBuildPhase section */

/* Begin PBXGroup section */
		3726E2572912E0CC00E9F674 = {
			isa = PBXGroup;
			children = (
				3726E2762912E27300E9F674 /* Reel1.mp4 */,
				3726E2732912E27300E9F674 /* Reel2.mp4 */,
				3726E2712912E27300E9F674 /* Reel3.mp4 */,
				3726E2742912E27300E9F674 /* Reel4.mp4 */,
				3726E2752912E27300E9F674 /* Reel5.mp4 */,
				3726E2722912E27300E9F674 /* Reel6.mp4 */,
				3726E2622912E0CC00E9F674 /* TabViewCarousel */,
				3726E2612912E0CC00E9F674 /* Products */,
			);
			sourceTree = "<group>";
		};
		3726E2612912E0CC00E9F674 /* Products */ = {
			isa = PBXGroup;
			children = (
				3726E2602912E0CC00E9F674 /* TabViewCarousel.app */,
			);
			name = Products;
			sourceTree = "<group>";
		};
		3726E2622912E0CC00E9F674 /* TabViewCarousel */ = {
			isa = PBXGroup;
			children = (
				3726E27D2912E2AE00E9F674 /* Model */,
				3726E27E2912E2B500E9F674 /* View */,
				3726E2632912E0CC00E9F674 /* TabViewCarouselApp.swift */,
				3726E2652912E0CC00E9F674 /* ContentView.swift */,
				3726E2672912E0CD00E9F674 /* Assets.xcassets */,
				3726E2692912E0CD00E9F674 /* Preview Content */,
			);
			path = TabViewCarousel;
			sourceTree = "<group>";
		};
		3726E2692912E0CD00E9F674 /* Preview Content */ = {
			isa = PBXGroup;
			children = (
				3726E26A2912E0CD00E9F674 /* Preview Assets.xcassets */,
			);
			path = "Preview Content";
			sourceTree = "<group>";
		};
		3726E27D2912E2AE00E9F674 /* Model */ = {
			isa = PBXGroup;
			children = (
				3726E2802912E2D500E9F674 /* MediaFile.swift */,
				3726E2822912E33900E9F674 /* Reel.swift */,
			);
			path = Model;
			sourceTree = "<group>";
		};
		3726E27E2912E2B500E9F674 /* View */ = {
			isa = PBXGroup;
			children = (
				3726E2842912E3B400E9F674 /* ReelsView.swift */,
				3726E2862912E56500E9F674 /* CustomVideoPlayer.swift */,
			);
			path = View;
			sourceTree = "<group>";
		};
/* End PBXGroup section */

/* Begin PBXNativeTarget section */
		3726E25F2912E0CC00E9F674 /* TabViewCarousel */ = {
			isa = PBXNativeTarget;
			buildConfigurationList = 3726E26E2912E0CD00E9F674 /* Build configuration list for PBXNativeTarget "TabViewCarousel" */;
			buildPhases = (
				3726E25C2912E0CC00E9F674 /* Sources */,
				3726E25D2912E0CC00E9F674 /* Frameworks */,
				3726E25E2912E0CC00E9F674 /* Resources */,
			);
			buildRules = (
			);
			dependencies = (
			);
			name = TabViewCarousel;
			productName = TabViewCarousel;
			productReference = 3726E2602912E0CC00E9F674 /* TabViewCarousel.app */;
			productType = "com.apple.product-type.application";
		};
/* End PBXNativeTarget section */

/* Begin PBXProject section */
		3726E2582912E0CC00E9F674 /* Project object */ = {
			isa = PBXProject;
			attributes = {
				BuildIndependentTargetsInParallel = 1;
				LastSwiftUpdateCheck = 1400;
				LastUpgradeCheck = 1400;
				TargetAttributes = {
					3726E25F2912E0CC00E9F674 = {
						CreatedOnToolsVersion = 14.0.1;
					};
				};
			};
			buildConfigurationList = 3726E25B2912E0CC00E9F674 /* Build configuration list for PBXProject "TabViewCarousel" */;
			compatibilityVersion = "Xcode 14.0";
			developmentRegion = en;
			hasScannedForEncodings = 0;
			knownRegions = (
				en,
				Base,
			);
			mainGroup = 3726E2572912E0CC00E9F674;
			productRefGroup = 3726E2612912E0CC00E9F674 /* Products */;
			projectDirPath = "";
			projectRoot = "";
			targets = (
				3726E25F2912E0CC00E9F674 /* TabViewCarousel */,
			);
		};
/* End PBXProject section */

/* Begin PBXResourcesBuildPhase section */
		3726E25E2912E0CC00E9F674 /* Resources */ = {
			isa = PBXResourcesBuildPhase;
			buildActionMask = 2147483647;
			files = (
				3726E2772912E27300E9F674 /* Reel3.mp4 in Resources */,
				3726E2782912E27300E9F674 /* Reel6.mp4 in Resources */,
				3726E2792912E27300E9F674 /* Reel2.mp4 in Resources */,
				3726E27A2912E27300E9F674 /* Reel4.mp4 in Resources */,
				3726E27B2912E27300E9F674 /* Reel5.mp4 in Resources */,
				3726E27C2912E27300E9F674 /* Reel1.mp4 in Resources */,
				3726E26B2912E0CD00E9F674 /* Preview Assets.xcassets in Resources */,
				3726E2682912E0CD00E9F674 /* Assets.xcassets in Resources */,
			);
			runOnlyForDeploymentPostprocessing = 0;
		};
/* End PBXResourcesBuildPhase section */

/* Begin PBXSourcesBuildPhase section */
		3726E25C2912E0CC00E9F674 /* Sources */ = {
			isa = PBXSourcesBuildPhase;
			buildActionMask = 2147483647;
			files = (
				3726E2662912E0CC00E9F674 /* ContentView.swift in Sources */,
				3726E2852912E3B400E9F674 /* ReelsView.swift in Sources */,
				3726E2832912E33900E9F674 /* Reel.swift in Sources */,
				3726E2642912E0CC00E9F674 /* TabViewCarouselApp.swift in Sources */,
				3726E2812912E2D500E9F674 /* MediaFile.swift in Sources */,
				3726E2872912E56500E9F674 /* CustomVideoPlayer.swift in Sources */,
			);
			runOnlyForDeploymentPostprocessing = 0;
		};
/* End PBXSourcesBuildPhase section */

/* Begin XCBuildConfiguration section */
		3726E26C2912E0CD00E9F674 /* Debug */ = {
			isa = XCBuildConfiguration;
			buildSettings = {
				ALWAYS_SEARCH_USER_PATHS = NO;
				CLANG_ANALYZER_NONNULL = YES;
				CLANG_ANALYZER_NUMBER_OBJECT_CONVERSION = YES_AGGRESSIVE;
				CLANG_CXX_LANGUAGE_STANDARD = "gnu++20";
				CLANG_ENABLE_MODULES = YES;
				CLANG_ENABLE_OBJC_ARC = YES;
				CLANG_ENABLE_OBJC_WEAK = YES;
				CLANG_WARN_BLOCK_CAPTURE_AUTORELEASING = YES;
				CLANG_WARN_BOOL_CONVERSION = YES;
				CLANG_WARN_COMMA = YES;
				CLANG_WARN_CONSTANT_CONVERSION = YES;
				CLANG_WARN_DEPRECATED_OBJC_IMPLEMENTATIONS = YES;
				CLANG_WARN_DIRECT_OBJC_ISA_USAGE = YES_ERROR;
				CLANG_WARN_DOCUMENTATION_COMMENTS = YES;
				CLANG_WARN_EMPTY_BODY = YES;
				CLANG_WARN_ENUM_CONVERSION = YES;
				CLANG_WARN_INFINITE_RECURSION = YES;
				CLANG_WARN_INT_CONVERSION = YES;
				CLANG_WARN_NON_LITERAL_NULL_CONVERSION = YES;
				CLANG_WARN_OBJC_IMPLICIT_RETAIN_SELF = YES;
				CLANG_WARN_OBJC_LITERAL_CONVERSION = YES;
				CLANG_WARN_OBJC_ROOT_CLASS = YES_ERROR;
				CLANG_WARN_QUOTED_INCLUDE_IN_FRAMEWORK_HEADER = YES;
				CLANG_WARN_RANGE_LOOP_ANALYSIS = YES;
				CLANG_WARN_STRICT_PROTOTYPES = YES;
				CLANG_WARN_SUSPICIOUS_MOVE = YES;
				CLANG_WARN_UNGUARDED_AVAILABILITY = YES_AGGRESSIVE;
				CLANG_WARN_UNREACHABLE_CODE = YES;
				CLANG_WARN__DUPLICATE_METHOD_MATCH = YES;
				COPY_PHASE_STRIP = NO;
				DEBUG_INFORMATION_FORMAT = dwarf;
				ENABLE_STRICT_OBJC_MSGSEND = YES;
				ENABLE_TESTABILITY = YES;
				GCC_C_LANGUAGE_STANDARD = gnu11;
				GCC_DYNAMIC_NO_PIC = NO;
				GCC_NO_COMMON_BLOCKS = YES;
				GCC_OPTIMIZATION_LEVEL = 0;
				GCC_PREPROCESSOR_DEFINITIONS = (
					"DEBUG=1",
					"$(inherited)",
				);
				GCC_WARN_64_TO_32_BIT_CONVERSION = YES;
				GCC_WARN_ABOUT_RETURN_TYPE = YES_ERROR;
				GCC_WARN_UNDECLARED_SELECTOR = YES;
				GCC_WARN_UNINITIALIZED_AUTOS = YES_AGGRESSIVE;
				GCC_WARN_UNUSED_FUNCTION = YES;
				GCC_WARN_UNUSED_VARIABLE = YES;
				IPHONEOS_DEPLOYMENT_TARGET = 16.0;
				MTL_ENABLE_DEBUG_INFO = INCLUDE_SOURCE;
				MTL_FAST_MATH = YES;
				ONLY_ACTIVE_ARCH = YES;
				SDKROOT = iphoneos;
				SWIFT_ACTIVE_COMPILATION_CONDITIONS = DEBUG;
				SWIFT_OPTIMIZATION_LEVEL = "-Onone";
			};
			name = Debug;
		};
		3726E26D2912E0CD00E9F674 /* Release */ = {
			isa = XCBuildConfiguration;
			buildSettings = {
				ALWAYS_SEARCH_USER_PATHS = NO;
				CLANG_ANALYZER_NONNULL = YES;
				CLANG_ANALYZER_NUMBER_OBJECT_CONVERSION = YES_AGGRESSIVE;
				CLANG_CXX_LANGUAGE_STANDARD = "gnu++20";
				CLANG_ENABLE_MODULES = YES;
				CLANG_ENABLE_OBJC_ARC = YES;
				CLANG_ENABLE_OBJC_WEAK = YES;
				CLANG_WARN_BLOCK_CAPTURE_AUTORELEASING = YES;
				CLANG_WARN_BOOL_CONVERSION = YES;
				CLANG_WARN_COMMA = YES;
				CLANG_WARN_CONSTANT_CONVERSION = YES;
				CLANG_WARN_DEPRECATED_OBJC_IMPLEMENTATIONS = YES;
				CLANG_WARN_DIRECT_OBJC_ISA_USAGE = YES_ERROR;
				CLANG_WARN_DOCUMENTATION_COMMENTS = YES;
				CLANG_WARN_EMPTY_BODY = YES;
				CLANG_WARN_ENUM_CONVERSION = YES;
				CLANG_WARN_INFINITE_RECURSION = YES;
				CLANG_WARN_INT_CONVERSION = YES;
				CLANG_WARN_NON_LITERAL_NULL_CONVERSION = YES;
				CLANG_WARN_OBJC_IMPLICIT_RETAIN_SELF = YES;
				CLANG_WARN_OBJC_LITERAL_CONVERSION = YES;
				CLANG_WARN_OBJC_ROOT_CLASS = YES_ERROR;
				CLANG_WARN_QUOTED_INCLUDE_IN_FRAMEWORK_HEADER = YES;
				CLANG_WARN_RANGE_LOOP_ANALYSIS = YES;
				CLANG_WARN_STRICT_PROTOTYPES = YES;
				CLANG_WARN_SUSPICIOUS_MOVE = YES;
				CLANG_WARN_UNGUARDED_AVAILABILITY = YES_AGGRESSIVE;
				CLANG_WARN_UNREACHABLE_CODE = YES;
				CLANG_WARN__DUPLICATE_METHOD_MATCH = YES;
				COPY_PHASE_STRIP = NO;
				DEBUG_INFORMATION_FORMAT = "dwarf-with-dsym";
				ENABLE_NS_ASSERTIONS = NO;
				ENABLE_STRICT_OBJC_MSGSEND = YES;
				GCC_C_LANGUAGE_STANDARD = gnu11;
				GCC_NO_COMMON_BLOCKS = YES;
				GCC_WARN_64_TO_32_BIT_CONVERSION = YES;
				GCC_WARN_ABOUT_RETURN_TYPE = YES_ERROR;
				GCC_WARN_UNDECLARED_SELECTOR = YES;
				GCC_WARN_UNINITIALIZED_AUTOS = YES_AGGRESSIVE;
				GCC_WARN_UNUSED_FUNCTION = YES;
				GCC_WARN_UNUSED_VARIABLE = YES;
				IPHONEOS_DEPLOYMENT_TARGET = 16.0;
				MTL_ENABLE_DEBUG_INFO = NO;
				MTL_FAST_MATH = YES;
				SDKROOT = iphoneos;
				SWIFT_COMPILATION_MODE = wholemodule;
				SWIFT_OPTIMIZATION_LEVEL = "-O";
				VALIDATE_PRODUCT = YES;
			};
			name = Release;
		};
		3726E26F2912E0CD00E9F674 /* Debug */ = {
			isa = XCBuildConfiguration;
			buildSettings = {
				ASSETCATALOG_COMPILER_APPICON_NAME = AppIcon;
				ASSETCATALOG_COMPILER_GLOBAL_ACCENT_COLOR_NAME = AccentColor;
				CODE_SIGN_STYLE = Automatic;
				CURRENT_PROJECT_VERSION = 1;
				DEVELOPMENT_ASSET_PATHS = "\"TabViewCarousel/Preview Content\"";
				DEVELOPMENT_TEAM = V8BB56WTCT;
				ENABLE_PREVIEWS = YES;
				GENERATE_INFOPLIST_FILE = YES;
				INFOPLIST_KEY_UIApplicationSceneManifest_Generation = YES;
				INFOPLIST_KEY_UIApplicationSupportsIndirectInputEvents = YES;
				INFOPLIST_KEY_UILaunchScreen_Generation = YES;
				INFOPLIST_KEY_UISupportedInterfaceOrientations_iPad = "UIInterfaceOrientationPortrait UIInterfaceOrientationPortraitUpsideDown UIInterfaceOrientationLandscapeLeft UIInterfaceOrientationLandscapeRight";
				INFOPLIST_KEY_UISupportedInterfaceOrientations_iPhone = "UIInterfaceOrientationPortrait UIInterfaceOrientationLandscapeLeft UIInterfaceOrientationLandscapeRight";
				LD_RUNPATH_SEARCH_PATHS = (
					"$(inherited)",
					"@executable_path/Frameworks",
				);
				MARKETING_VERSION = 1.0;
				PRODUCT_BUNDLE_IDENTIFIER = me.Dao.Tien.TabViewCarousel;
				PRODUCT_NAME = "$(TARGET_NAME)";
				SWIFT_EMIT_LOC_STRINGS = YES;
				SWIFT_VERSION = 5.0;
				TARGETED_DEVICE_FAMILY = "1,2";
			};
			name = Debug;
		};
		3726E2702912E0CD00E9F674 /* Release */ = {
			isa = XCBuildConfiguration;
			buildSettings = {
				ASSETCATALOG_COMPILER_APPICON_NAME = AppIcon;
				ASSETCATALOG_COMPILER_GLOBAL_ACCENT_COLOR_NAME = AccentColor;
				CODE_SIGN_STYLE = Automatic;
				CURRENT_PROJECT_VERSION = 1;
				DEVELOPMENT_ASSET_PATHS = "\"TabViewCarousel/Preview Content\"";
				DEVELOPMENT_TEAM = V8BB56WTCT;
				ENABLE_PREVIEWS = YES;
				GENERATE_INFOPLIST_FILE = YES;
				INFOPLIST_KEY_UIApplicationSceneManifest_Generation = YES;
				INFOPLIST_KEY_UIApplicationSupportsIndirectInputEvents = YES;
				INFOPLIST_KEY_UILaunchScreen_Generation = YES;
				INFOPLIST_KEY_UISupportedInterfaceOrientations_iPad = "UIInterfaceOrientationPortrait UIInterfaceOrientationPortraitUpsideDown UIInterfaceOrientationLandscapeLeft UIInterfaceOrientationLandscapeRight";
				INFOPLIST_KEY_UISupportedInterfaceOrientations_iPhone = "UIInterfaceOrientationPortrait UIInterfaceOrientationLandscapeLeft UIInterfaceOrientationLandscapeRight";
				LD_RUNPATH_SEARCH_PATHS = (
					"$(inherited)",
					"@executable_path/Frameworks",
				);
				MARKETING_VERSION = 1.0;
				PRODUCT_BUNDLE_IDENTIFIER = me.Dao.Tien.TabViewCarousel;
				PRODUCT_NAME = "$(TARGET_NAME)";
				SWIFT_EMIT_LOC_STRINGS = YES;
				SWIFT_VERSION = 5.0;
				TARGETED_DEVICE_FAMILY = "1,2";
			};
			name = Release;
		};
/* End XCBuildConfiguration section */

/* Begin XCConfigurationList section */
		3726E25B2912E0CC00E9F674 /* Build configuration list for PBXProject "TabViewCarousel" */ = {
			isa = XCConfigurationList;
			buildConfigurations = (
				3726E26C2912E0CD00E9F674 /* Debug */,
				3726E26D2912E0CD00E9F674 /* Release */,
			);
			defaultConfigurationIsVisible = 0;
			defaultConfigurationName = Release;
		};
		3726E26E2912E0CD00E9F674 /* Build configuration list for PBXNativeTarget "TabViewCarousel" */ = {
			isa = XCConfigurationList;
			buildConfigurations = (
				3726E26F2912E0CD00E9F674 /* Debug */,
				3726E2702912E0CD00E9F674 /* Release */,
			);
			defaultConfigurationIsVisible = 0;
			defaultConfigurationName = Release;
		};
/* End XCConfigurationList section */
	};
	rootObject = 3726E2582912E0CC00E9F674 /* Project object */;
}
